// !$*UTF8*$!
{
	archiveVersion = 1;
	classes = {
	};
	objectVersion = 50;
	objects = {

/* Begin PBXBuildFile section */
		DEAEF7C4255EE1D600D2D3C1 /* AppDelegate.swift in Sources */ = {isa = PBXBuildFile; fileRef = DEAEF7C3255EE1D600D2D3C1 /* AppDelegate.swift */; };
		DEAEF7C6255EE1D600D2D3C1 /* SceneDelegate.swift in Sources */ = {isa = PBXBuildFile; fileRef = DEAEF7C5255EE1D600D2D3C1 /* SceneDelegate.swift */; };
		DEAEF7C8255EE1D600D2D3C1 /* ViewController.swift in Sources */ = {isa = PBXBuildFile; fileRef = DEAEF7C7255EE1D600D2D3C1 /* ViewController.swift */; };
		DEAEF7CB255EE1D600D2D3C1 /* Main.storyboard in Resources */ = {isa = PBXBuildFile; fileRef = DEAEF7C9255EE1D600D2D3C1 /* Main.storyboard */; };
		DEAEF7CD255EE1D900D2D3C1 /* Assets.xcassets in Resources */ = {isa = PBXBuildFile; fileRef = DEAEF7CC255EE1D900D2D3C1 /* Assets.xcassets */; };
		DEAEF7D0255EE1D900D2D3C1 /* LaunchScreen.storyboard in Resources */ = {isa = PBXBuildFile; fileRef = DEAEF7CE255EE1D900D2D3C1 /* LaunchScreen.storyboard */; };
/* End PBXBuildFile section */

/* Begin PBXFileReference section */
		DEAEF7C0255EE1D500D2D3C1 /* TestFastlane.app */ = {isa = PBXFileReference; explicitFileType = wrapper.application; includeInIndex = 0; path = TestFastlane.app; sourceTree = BUILT_PRODUCTS_DIR; };
		DEAEF7C3255EE1D600D2D3C1 /* AppDelegate.swift */ = {isa = PBXFileReference; lastKnownFileType = sourcecode.swift; path = AppDelegate.swift; sourceTree = "<group>"; };
		DEAEF7C5255EE1D600D2D3C1 /* SceneDelegate.swift */ = {isa = PBXFileReference; lastKnownFileType = sourcecode.swift; path = SceneDelegate.swift; sourceTree = "<group>"; };
		DEAEF7C7255EE1D600D2D3C1 /* ViewController.swift */ = {isa = PBXFileReference; lastKnownFileType = sourcecode.swift; path = ViewController.swift; sourceTree = "<group>"; };
		DEAEF7CA255EE1D600D2D3C1 /* Base */ = {isa = PBXFileReference; lastKnownFileType = file.storyboard; name = Base; path = Base.lproj/Main.storyboard; sourceTree = "<group>"; };
		DEAEF7CC255EE1D900D2D3C1 /* Assets.xcassets */ = {isa = PBXFileReference; lastKnownFileType = folder.assetcatalog; path = Assets.xcassets; sourceTree = "<group>"; };
		DEAEF7CF255EE1D900D2D3C1 /* Base */ = {isa = PBXFileReference; lastKnownFileType = file.storyboard; name = Base; path = Base.lproj/LaunchScreen.storyboard; sourceTree = "<group>"; };
		DEAEF7D1255EE1D900D2D3C1 /* Info.plist */ = {isa = PBXFileReference; lastKnownFileType = text.plist.xml; path = Info.plist; sourceTree = "<group>"; };
/* End PBXFileReference section */

/* Begin PBXFrameworksBuildPhase section */
		DEAEF7BD255EE1D500D2D3C1 /* Frameworks */ = {
			isa = PBXFrameworksBuildPhase;
			buildActionMask = 2147483647;
			files = (
			);
			runOnlyForDeploymentPostprocessing = 0;
		};
/* End PBXFrameworksBuildPhase section */

/* Begin PBXGroup section */
		DEAEF7B7255EE1D500D2D3C1 = {
			isa = PBXGroup;
			children = (
				DEAEF7C2255EE1D600D2D3C1 /* TestFastlane */,
				DEAEF7C1255EE1D500D2D3C1 /* Products */,
			);
			sourceTree = "<group>";
		};
		DEAEF7C1255EE1D500D2D3C1 /* Products */ = {
			isa = PBXGroup;
			children = (
				DEAEF7C0255EE1D500D2D3C1 /* TestFastlane.app */,
			);
			name = Products;
			sourceTree = "<group>";
		};
		DEAEF7C2255EE1D600D2D3C1 /* TestFastlane */ = {
			isa = PBXGroup;
			children = (
				DEAEF7C3255EE1D600D2D3C1 /* AppDelegate.swift */,
				DEAEF7C5255EE1D600D2D3C1 /* SceneDelegate.swift */,
				DEAEF7C7255EE1D600D2D3C1 /* ViewController.swift */,
				DEAEF7C9255EE1D600D2D3C1 /* Main.storyboard */,
				DEAEF7CC255EE1D900D2D3C1 /* Assets.xcassets */,
				DEAEF7CE255EE1D900D2D3C1 /* LaunchScreen.storyboard */,
				DEAEF7D1255EE1D900D2D3C1 /* Info.plist */,
			);
			path = TestFastlane;
			sourceTree = "<group>";
		};
/* End PBXGroup section */

/* Begin PBXNativeTarget section */
		DEAEF7BF255EE1D500D2D3C1 /* TestFastlane */ = {
			isa = PBXNativeTarget;
			buildConfigurationList = DEAEF7D4255EE1D900D2D3C1 /* Build configuration list for PBXNativeTarget "TestFastlane" */;
			buildPhases = (
				DEAEF7BC255EE1D500D2D3C1 /* Sources */,
				DEAEF7BD255EE1D500D2D3C1 /* Frameworks */,
				DEAEF7BE255EE1D500D2D3C1 /* Resources */,
			);
			buildRules = (
			);
			dependencies = (
			);
			name = TestFastlane;
			productName = TestFastlane;
			productReference = DEAEF7C0255EE1D500D2D3C1 /* TestFastlane.app */;
			productType = "com.apple.product-type.application";
		};
/* End PBXNativeTarget section */

/* Begin PBXProject section */
		DEAEF7B8255EE1D500D2D3C1 /* Project object */ = {
			isa = PBXProject;
			attributes = {
				LastSwiftUpdateCheck = 1160;
				LastUpgradeCheck = 1160;
				ORGANIZATIONNAME = "Ahmed Madian";
				TargetAttributes = {
					DEAEF7BF255EE1D500D2D3C1 = {
						CreatedOnToolsVersion = 11.6;
					};
				};
			};
			buildConfigurationList = DEAEF7BB255EE1D500D2D3C1 /* Build configuration list for PBXProject "TestFastlane" */;
			compatibilityVersion = "Xcode 9.3";
			developmentRegion = en;
			hasScannedForEncodings = 0;
			knownRegions = (
				en,
				Base,
			);
			mainGroup = DEAEF7B7255EE1D500D2D3C1;
			productRefGroup = DEAEF7C1255EE1D500D2D3C1 /* Products */;
			projectDirPath = "";
			projectRoot = "";
			targets = (
				DEAEF7BF255EE1D500D2D3C1 /* TestFastlane */,
			);
		};
/* End PBXProject section */

/* Begin PBXResourcesBuildPhase section */
		DEAEF7BE255EE1D500D2D3C1 /* Resources */ = {
			isa = PBXResourcesBuildPhase;
			buildActionMask = 2147483647;
			files = (
				DEAEF7D0255EE1D900D2D3C1 /* LaunchScreen.storyboard in Resources */,
				DEAEF7CD255EE1D900D2D3C1 /* Assets.xcassets in Resources */,
				DEAEF7CB255EE1D600D2D3C1 /* Main.storyboard in Resources */,
			);
			runOnlyForDeploymentPostprocessing = 0;
		};
/* End PBXResourcesBuildPhase section */

/* Begin PBXSourcesBuildPhase section */
		DEAEF7BC255EE1D500D2D3C1 /* Sources */ = {
			isa = PBXSourcesBuildPhase;
			buildActionMask = 2147483647;
			files = (
				DEAEF7C8255EE1D600D2D3C1 /* ViewController.swift in Sources */,
				DEAEF7C4255EE1D600D2D3C1 /* AppDelegate.swift in Sources */,
				DEAEF7C6255EE1D600D2D3C1 /* SceneDelegate.swift in Sources */,
			);
			runOnlyForDeploymentPostprocessing = 0;
		};
/* End PBXSourcesBuildPhase section */

/* Begin PBXVariantGroup section */
		DEAEF7C9255EE1D600D2D3C1 /* Main.storyboard */ = {
			isa = PBXVariantGroup;
			children = (
				DEAEF7CA255EE1D600D2D3C1 /* Base */,
			);
			name = Main.storyboard;
			sourceTree = "<group>";
		};
		DEAEF7CE255EE1D900D2D3C1 /* LaunchScreen.storyboard */ = {
			isa = PBXVariantGroup;
			children = (
				DEAEF7CF255EE1D900D2D3C1 /* Base */,
			);
			name = LaunchScreen.storyboard;
			sourceTree = "<group>";
		};
/* End PBXVariantGroup section */

/* Begin XCBuildConfiguration section */
		DEAEF7D2255EE1D900D2D3C1 /* Debug */ = {
			isa = XCBuildConfiguration;
			buildSettings = {
				ALWAYS_SEARCH_USER_PATHS = NO;
				CLANG_ANALYZER_NONNULL = YES;
				CLANG_ANALYZER_NUMBER_OBJECT_CONVERSION = YES_AGGRESSIVE;
				CLANG_CXX_LANGUAGE_STANDARD = "gnu++14";
				CLANG_CXX_LIBRARY = "libc++";
				CLANG_ENABLE_MODULES = YES;
				CLANG_ENABLE_OBJC_ARC = YES;
				CLANG_ENABLE_OBJC_WEAK = YES;
				CLANG_WARN_BLOCK_CAPTURE_AUTORELEASING = YES;
				CLANG_WARN_BOOL_CONVERSION = YES;
				CLANG_WARN_COMMA = YES;
				CLANG_WARN_CONSTANT_CONVERSION = YES;
				CLANG_WARN_DEPRECATED_OBJC_IMPLEMENTATIONS = YES;
				CLANG_WARN_DIRECT_OBJC_ISA_USAGE = YES_ERROR;
				CLANG_WARN_DOCUMENTATION_COMMENTS = YES;
				CLANG_WARN_EMPTY_BODY = YES;
				CLANG_WARN_ENUM_CONVERSION = YES;
				CLANG_WARN_INFINITE_RECURSION = YES;
				CLANG_WARN_INT_CONVERSION = YES;
				CLANG_WARN_NON_LITERAL_NULL_CONVERSION = YES;
				CLANG_WARN_OBJC_IMPLICIT_RETAIN_SELF = YES;
				CLANG_WARN_OBJC_LITERAL_CONVERSION = YES;
				CLANG_WARN_OBJC_ROOT_CLASS = YES_ERROR;
				CLANG_WARN_RANGE_LOOP_ANALYSIS = YES;
				CLANG_WARN_STRICT_PROTOTYPES = YES;
				CLANG_WARN_SUSPICIOUS_MOVE = YES;
				CLANG_WARN_UNGUARDED_AVAILABILITY = YES_AGGRESSIVE;
				CLANG_WARN_UNREACHABLE_CODE = YES;
				CLANG_WARN__DUPLICATE_METHOD_MATCH = YES;
				COPY_PHASE_STRIP = NO;
				DEBUG_INFORMATION_FORMAT = dwarf;
				ENABLE_STRICT_OBJC_MSGSEND = YES;
				ENABLE_TESTABILITY = YES;
				GCC_C_LANGUAGE_STANDARD = gnu11;
				GCC_DYNAMIC_NO_PIC = NO;
				GCC_NO_COMMON_BLOCKS = YES;
				GCC_OPTIMIZATION_LEVEL = 0;
				GCC_PREPROCESSOR_DEFINITIONS = (
					"DEBUG=1",
					"$(inherited)",
				);
				GCC_WARN_64_TO_32_BIT_CONVERSION = YES;
				GCC_WARN_ABOUT_RETURN_TYPE = YES_ERROR;
				GCC_WARN_UNDECLARED_SELECTOR = YES;
				GCC_WARN_UNINITIALIZED_AUTOS = YES_AGGRESSIVE;
				GCC_WARN_UNUSED_FUNCTION = YES;
				GCC_WARN_UNUSED_VARIABLE = YES;
				IPHONEOS_DEPLOYMENT_TARGET = 13.6;
				MTL_ENABLE_DEBUG_INFO = INCLUDE_SOURCE;
				MTL_FAST_MATH = YES;
				ONLY_ACTIVE_ARCH = YES;
				SDKROOT = iphoneos;
				SWIFT_ACTIVE_COMPILATION_CONDITIONS = DEBUG;
				SWIFT_OPTIMIZATION_LEVEL = "-Onone";
			};
			name = Debug;
		};
		DEAEF7D3255EE1D900D2D3C1 /* Release */ = {
			isa = XCBuildConfiguration;
			buildSettings = {
				ALWAYS_SEARCH_USER_PATHS = NO;
				CLANG_ANALYZER_NONNULL = YES;
				CLANG_ANALYZER_NUMBER_OBJECT_CONVERSION = YES_AGGRESSIVE;
				CLANG_CXX_LANGUAGE_STANDARD = "gnu++14";
				CLANG_CXX_LIBRARY = "libc++";
				CLANG_ENABLE_MODULES = YES;
				CLANG_ENABLE_OBJC_ARC = YES;
				CLANG_ENABLE_OBJC_WEAK = YES;
				CLANG_WARN_BLOCK_CAPTURE_AUTORELEASING = YES;
				CLANG_WARN_BOOL_CONVERSION = YES;
				CLANG_WARN_COMMA = YES;
				CLANG_WARN_CONSTANT_CONVERSION = YES;
				CLANG_WARN_DEPRECATED_OBJC_IMPLEMENTATIONS = YES;
				CLANG_WARN_DIRECT_OBJC_ISA_USAGE = YES_ERROR;
				CLANG_WARN_DOCUMENTATION_COMMENTS = YES;
				CLANG_WARN_EMPTY_BODY = YES;
				CLANG_WARN_ENUM_CONVERSION = YES;
				CLANG_WARN_INFINITE_RECURSION = YES;
				CLANG_WARN_INT_CONVERSION = YES;
				CLANG_WARN_NON_LITERAL_NULL_CONVERSION = YES;
				CLANG_WARN_OBJC_IMPLICIT_RETAIN_SELF = YES;
				CLANG_WARN_OBJC_LITERAL_CONVERSION = YES;
				CLANG_WARN_OBJC_ROOT_CLASS = YES_ERROR;
				CLANG_WARN_RANGE_LOOP_ANALYSIS = YES;
				CLANG_WARN_STRICT_PROTOTYPES = YES;
				CLANG_WARN_SUSPICIOUS_MOVE = YES;
				CLANG_WARN_UNGUARDED_AVAILABILITY = YES_AGGRESSIVE;
				CLANG_WARN_UNREACHABLE_CODE = YES;
				CLANG_WARN__DUPLICATE_METHOD_MATCH = YES;
				COPY_PHASE_STRIP = NO;
				DEBUG_INFORMATION_FORMAT = "dwarf-with-dsym";
				ENABLE_NS_ASSERTIONS = NO;
				ENABLE_STRICT_OBJC_MSGSEND = YES;
				GCC_C_LANGUAGE_STANDARD = gnu11;
				GCC_NO_COMMON_BLOCKS = YES;
				GCC_WARN_64_TO_32_BIT_CONVERSION = YES;
				GCC_WARN_ABOUT_RETURN_TYPE = YES_ERROR;
				GCC_WARN_UNDECLARED_SELECTOR = YES;
				GCC_WARN_UNINITIALIZED_AUTOS = YES_AGGRESSIVE;
				GCC_WARN_UNUSED_FUNCTION = YES;
				GCC_WARN_UNUSED_VARIABLE = YES;
				IPHONEOS_DEPLOYMENT_TARGET = 13.6;
				MTL_ENABLE_DEBUG_INFO = NO;
				MTL_FAST_MATH = YES;
				SDKROOT = iphoneos;
				SWIFT_COMPILATION_MODE = wholemodule;
				SWIFT_OPTIMIZATION_LEVEL = "-O";
				VALIDATE_PRODUCT = YES;
			};
			name = Release;
		};
		DEAEF7D5255EE1D900D2D3C1 /* Debug */ = {
			isa = XCBuildConfiguration;
			buildSettings = {
				ASSETCATALOG_COMPILER_APPICON_NAME = AppIcon;
				CODE_SIGN_STYLE = Automatic;
				INFOPLIST_FILE = TestFastlane/Info.plist;
				LD_RUNPATH_SEARCH_PATHS = (
					"$(inherited)",
					"@executable_path/Frameworks",
				);
				PRODUCT_BUNDLE_IDENTIFIER = com.madian.TestFastlane;
				PRODUCT_NAME = "$(TARGET_NAME)";
				SWIFT_VERSION = 5.0;
				TARGETED_DEVICE_FAMILY = "1,2";
			};
			name = Debug;
		};
		DEAEF7D6255EE1D900D2D3C1 /* Release */ = {
			isa = XCBuildConfiguration;
			buildSettings = {
				ASSETCATALOG_COMPILER_APPICON_NAME = AppIcon;
				CODE_SIGN_STYLE = Automatic;
				INFOPLIST_FILE = TestFastlane/Info.plist;
				LD_RUNPATH_SEARCH_PATHS = (
					"$(inherited)",
					"@executable_path/Frameworks",
				);
				PRODUCT_BUNDLE_IDENTIFIER = com.madian.TestFastlane;
				PRODUCT_NAME = "$(TARGET_NAME)";
				SWIFT_VERSION = 5.0;
				TARGETED_DEVICE_FAMILY = "1,2";
			};
			name = Release;
		};
/* End XCBuildConfiguration section */

/* Begin XCConfigurationList section */
		DEAEF7BB255EE1D500D2D3C1 /* Build configuration list for PBXProject "TestFastlane" */ = {
			isa = XCConfigurationList;
			buildConfigurations = (
				DEAEF7D2255EE1D900D2D3C1 /* Debug */,
				DEAEF7D3255EE1D900D2D3C1 /* Release */,
			);
			defaultConfigurationIsVisible = 0;
			defaultConfigurationName = Release;
		};
		DEAEF7D4255EE1D900D2D3C1 /* Build configuration list for PBXNativeTarget "TestFastlane" */ = {
			isa = XCConfigurationList;
			buildConfigurations = (
				DEAEF7D5255EE1D900D2D3C1 /* Debug */,
				DEAEF7D6255EE1D900D2D3C1 /* Release */,
			);
			defaultConfigurationIsVisible = 0;
			defaultConfigurationName = Release;
		};
/* End XCConfigurationList section */
	};
	rootObject = DEAEF7B8255EE1D500D2D3C1 /* Project object */;
}
